// !$*UTF8*$!
{
	archiveVersion = 1;
	classes = {
	};
	objectVersion = 56;
	objects = {

/* Begin PBXBuildFile section */
		481A8A9B29D71D260045F376 /* WeatherAppApp.swift in Sources */ = {isa = PBXBuildFile; fileRef = 481A8A9A29D71D260045F376 /* WeatherAppApp.swift */; };
		481A8A9D29D71D260045F376 /* ContentView.swift in Sources */ = {isa = PBXBuildFile; fileRef = 481A8A9C29D71D260045F376 /* ContentView.swift */; };
		481A8A9F29D71D280045F376 /* Assets.xcassets in Resources */ = {isa = PBXBuildFile; fileRef = 481A8A9E29D71D280045F376 /* Assets.xcassets */; };
		481A8AA229D71D280045F376 /* Preview Assets.xcassets in Resources */ = {isa = PBXBuildFile; fileRef = 481A8AA129D71D280045F376 /* Preview Assets.xcassets */; };
		481A8AAC29D71D560045F376 /* LocationManager.swift in Sources */ = {isa = PBXBuildFile; fileRef = 481A8AAB29D71D560045F376 /* LocationManager.swift */; };
		481A8AB029D737900045F376 /* HomeView.swift in Sources */ = {isa = PBXBuildFile; fileRef = 481A8AAF29D737900045F376 /* HomeView.swift */; };
		481A8AB229D73F500045F376 /* Constants.swift in Sources */ = {isa = PBXBuildFile; fileRef = 481A8AB129D73F500045F376 /* Constants.swift */; };
		481A8AB429D78B7B0045F376 /* SheetShape.swift in Sources */ = {isa = PBXBuildFile; fileRef = 481A8AB329D78B7B0045F376 /* SheetShape.swift */; };
		487634EE29D8488300A471D7 /* SunsetCellView.swift in Sources */ = {isa = PBXBuildFile; fileRef = 487634ED29D8488300A471D7 /* SunsetCellView.swift */; };
		487634F029D84B9B00A471D7 /* HourlyForecastView.swift in Sources */ = {isa = PBXBuildFile; fileRef = 487634EF29D84B9B00A471D7 /* HourlyForecastView.swift */; };
		487634F229D84C1A00A471D7 /* HomeSheetView.swift in Sources */ = {isa = PBXBuildFile; fileRef = 487634F129D84C1A00A471D7 /* HomeSheetView.swift */; };
		487634F429D857EB00A471D7 /* City.swift in Sources */ = {isa = PBXBuildFile; fileRef = 487634F329D857EB00A471D7 /* City.swift */; };
		487634F629D8580E00A471D7 /* CityChoose.swift in Sources */ = {isa = PBXBuildFile; fileRef = 487634F529D8580E00A471D7 /* CityChoose.swift */; };
		487634FA29D859D900A471D7 /* cities.json in Resources */ = {isa = PBXBuildFile; fileRef = 487634F929D859D900A471D7 /* cities.json */; };
		487634FC29D85B1800A471D7 /* CityFetcher.swift in Sources */ = {isa = PBXBuildFile; fileRef = 487634FB29D85B1800A471D7 /* CityFetcher.swift */; };
		487634FE29D86C3500A471D7 /* DailyTemperature.swift in Sources */ = {isa = PBXBuildFile; fileRef = 487634FD29D86C3500A471D7 /* DailyTemperature.swift */; };
		4876350029D86C6800A471D7 /* WeatherFetcher.swift in Sources */ = {isa = PBXBuildFile; fileRef = 487634FF29D86C6800A471D7 /* WeatherFetcher.swift */; };
		4876350229D8768600A471D7 /* HourlyTemperature.swift in Sources */ = {isa = PBXBuildFile; fileRef = 4876350129D8768600A471D7 /* HourlyTemperature.swift */; };
		4D589BE42A16098A00154A38 /* WidgetKit.framework in Frameworks */ = {isa = PBXBuildFile; fileRef = 4D589BE32A16098A00154A38 /* WidgetKit.framework */; };
		4D589BE62A16098A00154A38 /* SwiftUI.framework in Frameworks */ = {isa = PBXBuildFile; fileRef = 4D589BE52A16098A00154A38 /* SwiftUI.framework */; };
		4D589BE92A16098A00154A38 /* WeatherWidgetBundle.swift in Sources */ = {isa = PBXBuildFile; fileRef = 4D589BE82A16098A00154A38 /* WeatherWidgetBundle.swift */; };
		4D589BEB2A16098A00154A38 /* WeatherWidget.swift in Sources */ = {isa = PBXBuildFile; fileRef = 4D589BEA2A16098A00154A38 /* WeatherWidget.swift */; };
		4D589BEE2A16098C00154A38 /* Assets.xcassets in Resources */ = {isa = PBXBuildFile; fileRef = 4D589BED2A16098C00154A38 /* Assets.xcassets */; };
		4D589BF02A16098C00154A38 /* WeatherWidget.intentdefinition in Sources */ = {isa = PBXBuildFile; fileRef = 4D589BEC2A16098A00154A38 /* WeatherWidget.intentdefinition */; };
		4D589BF12A16098C00154A38 /* WeatherWidget.intentdefinition in Sources */ = {isa = PBXBuildFile; fileRef = 4D589BEC2A16098A00154A38 /* WeatherWidget.intentdefinition */; };
		4D589BF42A16098C00154A38 /* WeatherWidgetExtension.appex in Embed Foundation Extensions */ = {isa = PBXBuildFile; fileRef = 4D589BE12A16098A00154A38 /* WeatherWidgetExtension.appex */; settings = {ATTRIBUTES = (RemoveHeadersOnCopy, ); }; };
		4D589BFA2A160AF700154A38 /* Constants.swift in Sources */ = {isa = PBXBuildFile; fileRef = 481A8AB129D73F500045F376 /* Constants.swift */; };
		4D589BFD2A160FAC00154A38 /* InfoCardView.swift in Sources */ = {isa = PBXBuildFile; fileRef = 4D589BFB2A160F5200154A38 /* InfoCardView.swift */; };
		4D589BFE2A161FD900154A38 /* DailyTemperature.swift in Sources */ = {isa = PBXBuildFile; fileRef = 487634FD29D86C3500A471D7 /* DailyTemperature.swift */; };
		4D589BFF2A1620E300154A38 /* LocationManager.swift in Sources */ = {isa = PBXBuildFile; fileRef = 481A8AAB29D71D560045F376 /* LocationManager.swift */; };
		4D589C002A1620EB00154A38 /* WeatherFetcher.swift in Sources */ = {isa = PBXBuildFile; fileRef = 487634FF29D86C6800A471D7 /* WeatherFetcher.swift */; };
		4D589C012A16227F00154A38 /* City.swift in Sources */ = {isa = PBXBuildFile; fileRef = 487634F329D857EB00A471D7 /* City.swift */; };
		4D589C022A1622C500154A38 /* HourlyTemperature.swift in Sources */ = {isa = PBXBuildFile; fileRef = 4876350129D8768600A471D7 /* HourlyTemperature.swift */; };
		4D5965F12A17C25C000AAE4D /* Assets.xcassets in Resources */ = {isa = PBXBuildFile; fileRef = 481A8A9E29D71D280045F376 /* Assets.xcassets */; };
		4D94FC0829FAA3A2007FC6FB /* UVIndexCellView.swift in Sources */ = {isa = PBXBuildFile; fileRef = 4D94FC0729FAA3A2007FC6FB /* UVIndexCellView.swift */; };
		4D94FC0A29FAA669007FC6FB /* DailyForecastView.swift in Sources */ = {isa = PBXBuildFile; fileRef = 4D94FC0929FAA669007FC6FB /* DailyForecastView.swift */; };
		4D94FC1029FAB0A7007FC6FB /* DynamicStack.swift in Sources */ = {isa = PBXBuildFile; fileRef = 4D94FC0F29FAB0A7007FC6FB /* DynamicStack.swift */; };
		4D94FC1229FAB0EE007FC6FB /* NavigationManager.swift in Sources */ = {isa = PBXBuildFile; fileRef = 4D94FC1129FAB0EE007FC6FB /* NavigationManager.swift */; };
		4D94FC1429FAB6D9007FC6FB /* SheetShape2.swift in Sources */ = {isa = PBXBuildFile; fileRef = 4D94FC1329FAB6D9007FC6FB /* SheetShape2.swift */; };
		4D94FC1929FAD3F1007FC6FB /* ArcPlaceholderView.swift in Sources */ = {isa = PBXBuildFile; fileRef = 4D94FC1829FAD3F1007FC6FB /* ArcPlaceholderView.swift */; };
		4D94FC1B29FAD3FB007FC6FB /* ArcReadingView.swift in Sources */ = {isa = PBXBuildFile; fileRef = 4D94FC1A29FAD3FB007FC6FB /* ArcReadingView.swift */; };
		4D94FC1D29FAD406007FC6FB /* ArcSliderView.swift in Sources */ = {isa = PBXBuildFile; fileRef = 4D94FC1C29FAD406007FC6FB /* ArcSliderView.swift */; };
		4D94FC1F29FADFAC007FC6FB /* SummaryView.swift in Sources */ = {isa = PBXBuildFile; fileRef = 4D94FC1E29FADFAC007FC6FB /* SummaryView.swift */; };
		4D94FC2129FAE5EF007FC6FB /* MapView.swift in Sources */ = {isa = PBXBuildFile; fileRef = 4D94FC2029FAE5EF007FC6FB /* MapView.swift */; };
		4DB8C1942A1668EB005CDF59 /* WeatherWidgetTimeline.swift in Sources */ = {isa = PBXBuildFile; fileRef = 4DB8C1922A1668B9005CDF59 /* WeatherWidgetTimeline.swift */; };
		4DB8C1962A166ABD005CDF59 /* Bundle_ext.swift in Sources */ = {isa = PBXBuildFile; fileRef = 4DB8C1952A166ABD005CDF59 /* Bundle_ext.swift */; };
		4DB8C1982A167A4A005CDF59 /* WeatherWidgetTimeline.swift in Sources */ = {isa = PBXBuildFile; fileRef = 4DB8C1922A1668B9005CDF59 /* WeatherWidgetTimeline.swift */; };
/* End PBXBuildFile section */

/* Begin PBXContainerItemProxy section */
		4D589BF22A16098C00154A38 /* PBXContainerItemProxy */ = {
			isa = PBXContainerItemProxy;
			containerPortal = 481A8A8F29D71D260045F376 /* Project object */;
			proxyType = 1;
			remoteGlobalIDString = 4D589BE02A16098A00154A38;
			remoteInfo = WeatherWidgetExtension;
		};
/* End PBXContainerItemProxy section */

/* Begin PBXCopyFilesBuildPhase section */
		4D589BF52A16098C00154A38 /* Embed Foundation Extensions */ = {
			isa = PBXCopyFilesBuildPhase;
			buildActionMask = 2147483647;
			dstPath = "";
			dstSubfolderSpec = 13;
			files = (
				4D589BF42A16098C00154A38 /* WeatherWidgetExtension.appex in Embed Foundation Extensions */,
			);
			name = "Embed Foundation Extensions";
			runOnlyForDeploymentPostprocessing = 0;
		};
/* End PBXCopyFilesBuildPhase section */

/* Begin PBXFileReference section */
		481A8A9729D71D260045F376 /* WeatherApp.app */ = {isa = PBXFileReference; explicitFileType = wrapper.application; includeInIndex = 0; path = WeatherApp.app; sourceTree = BUILT_PRODUCTS_DIR; };
		481A8A9A29D71D260045F376 /* WeatherAppApp.swift */ = {isa = PBXFileReference; lastKnownFileType = sourcecode.swift; path = WeatherAppApp.swift; sourceTree = "<group>"; };
		481A8A9C29D71D260045F376 /* ContentView.swift */ = {isa = PBXFileReference; lastKnownFileType = sourcecode.swift; path = ContentView.swift; sourceTree = "<group>"; };
		481A8A9E29D71D280045F376 /* Assets.xcassets */ = {isa = PBXFileReference; lastKnownFileType = folder.assetcatalog; path = Assets.xcassets; sourceTree = "<group>"; };
		481A8AA129D71D280045F376 /* Preview Assets.xcassets */ = {isa = PBXFileReference; lastKnownFileType = folder.assetcatalog; path = "Preview Assets.xcassets"; sourceTree = "<group>"; };
		481A8AAB29D71D560045F376 /* LocationManager.swift */ = {isa = PBXFileReference; lastKnownFileType = sourcecode.swift; path = LocationManager.swift; sourceTree = "<group>"; };
		481A8AAD29D71E990045F376 /* Info.plist */ = {isa = PBXFileReference; lastKnownFileType = text.plist; path = Info.plist; sourceTree = "<group>"; };
		481A8AAE29D71EC20045F376 /* WeatherApp.entitlements */ = {isa = PBXFileReference; lastKnownFileType = text.plist.entitlements; path = WeatherApp.entitlements; sourceTree = "<group>"; };
		481A8AAF29D737900045F376 /* HomeView.swift */ = {isa = PBXFileReference; lastKnownFileType = sourcecode.swift; path = HomeView.swift; sourceTree = "<group>"; };
		481A8AB129D73F500045F376 /* Constants.swift */ = {isa = PBXFileReference; lastKnownFileType = sourcecode.swift; path = Constants.swift; sourceTree = "<group>"; };
		481A8AB329D78B7B0045F376 /* SheetShape.swift */ = {isa = PBXFileReference; lastKnownFileType = sourcecode.swift; path = SheetShape.swift; sourceTree = "<group>"; };
		487634ED29D8488300A471D7 /* SunsetCellView.swift */ = {isa = PBXFileReference; lastKnownFileType = sourcecode.swift; path = SunsetCellView.swift; sourceTree = "<group>"; };
		487634EF29D84B9B00A471D7 /* HourlyForecastView.swift */ = {isa = PBXFileReference; lastKnownFileType = sourcecode.swift; path = HourlyForecastView.swift; sourceTree = "<group>"; };
		487634F129D84C1A00A471D7 /* HomeSheetView.swift */ = {isa = PBXFileReference; lastKnownFileType = sourcecode.swift; path = HomeSheetView.swift; sourceTree = "<group>"; };
		487634F329D857EB00A471D7 /* City.swift */ = {isa = PBXFileReference; lastKnownFileType = sourcecode.swift; path = City.swift; sourceTree = "<group>"; };
		487634F529D8580E00A471D7 /* CityChoose.swift */ = {isa = PBXFileReference; lastKnownFileType = sourcecode.swift; path = CityChoose.swift; sourceTree = "<group>"; };
		487634F929D859D900A471D7 /* cities.json */ = {isa = PBXFileReference; fileEncoding = 4; lastKnownFileType = text.json; path = cities.json; sourceTree = "<group>"; };
		487634FB29D85B1800A471D7 /* CityFetcher.swift */ = {isa = PBXFileReference; lastKnownFileType = sourcecode.swift; path = CityFetcher.swift; sourceTree = "<group>"; };
		487634FD29D86C3500A471D7 /* DailyTemperature.swift */ = {isa = PBXFileReference; lastKnownFileType = sourcecode.swift; path = DailyTemperature.swift; sourceTree = "<group>"; };
		487634FF29D86C6800A471D7 /* WeatherFetcher.swift */ = {isa = PBXFileReference; lastKnownFileType = sourcecode.swift; path = WeatherFetcher.swift; sourceTree = "<group>"; };
		4876350129D8768600A471D7 /* HourlyTemperature.swift */ = {isa = PBXFileReference; lastKnownFileType = sourcecode.swift; path = HourlyTemperature.swift; sourceTree = "<group>"; };
		4D589BE12A16098A00154A38 /* WeatherWidgetExtension.appex */ = {isa = PBXFileReference; explicitFileType = "wrapper.app-extension"; includeInIndex = 0; path = WeatherWidgetExtension.appex; sourceTree = BUILT_PRODUCTS_DIR; };
		4D589BE32A16098A00154A38 /* WidgetKit.framework */ = {isa = PBXFileReference; lastKnownFileType = wrapper.framework; name = WidgetKit.framework; path = System/Library/Frameworks/WidgetKit.framework; sourceTree = SDKROOT; };
		4D589BE52A16098A00154A38 /* SwiftUI.framework */ = {isa = PBXFileReference; lastKnownFileType = wrapper.framework; name = SwiftUI.framework; path = System/Library/Frameworks/SwiftUI.framework; sourceTree = SDKROOT; };
		4D589BE82A16098A00154A38 /* WeatherWidgetBundle.swift */ = {isa = PBXFileReference; lastKnownFileType = sourcecode.swift; path = WeatherWidgetBundle.swift; sourceTree = "<group>"; };
		4D589BEA2A16098A00154A38 /* WeatherWidget.swift */ = {isa = PBXFileReference; lastKnownFileType = sourcecode.swift; path = WeatherWidget.swift; sourceTree = "<group>"; };
		4D589BEC2A16098A00154A38 /* WeatherWidget.intentdefinition */ = {isa = PBXFileReference; lastKnownFileType = file.intentdefinition; path = WeatherWidget.intentdefinition; sourceTree = "<group>"; };
		4D589BED2A16098C00154A38 /* Assets.xcassets */ = {isa = PBXFileReference; lastKnownFileType = folder.assetcatalog; path = Assets.xcassets; sourceTree = "<group>"; };
		4D589BEF2A16098C00154A38 /* Info.plist */ = {isa = PBXFileReference; lastKnownFileType = text.plist.xml; path = Info.plist; sourceTree = "<group>"; };
		4D589BF92A1609ED00154A38 /* WeatherWidgetExtension.entitlements */ = {isa = PBXFileReference; lastKnownFileType = text.plist.entitlements; path = WeatherWidgetExtension.entitlements; sourceTree = "<group>"; };
		4D589BFB2A160F5200154A38 /* InfoCardView.swift */ = {isa = PBXFileReference; lastKnownFileType = sourcecode.swift; path = InfoCardView.swift; sourceTree = "<group>"; };
		4D94FC0729FAA3A2007FC6FB /* UVIndexCellView.swift */ = {isa = PBXFileReference; lastKnownFileType = sourcecode.swift; path = UVIndexCellView.swift; sourceTree = "<group>"; };
		4D94FC0929FAA669007FC6FB /* DailyForecastView.swift */ = {isa = PBXFileReference; lastKnownFileType = sourcecode.swift; path = DailyForecastView.swift; sourceTree = "<group>"; };
		4D94FC0F29FAB0A7007FC6FB /* DynamicStack.swift */ = {isa = PBXFileReference; lastKnownFileType = sourcecode.swift; path = DynamicStack.swift; sourceTree = "<group>"; };
		4D94FC1129FAB0EE007FC6FB /* NavigationManager.swift */ = {isa = PBXFileReference; lastKnownFileType = sourcecode.swift; path = NavigationManager.swift; sourceTree = "<group>"; };
		4D94FC1329FAB6D9007FC6FB /* SheetShape2.swift */ = {isa = PBXFileReference; lastKnownFileType = sourcecode.swift; path = SheetShape2.swift; sourceTree = "<group>"; };
		4D94FC1829FAD3F1007FC6FB /* ArcPlaceholderView.swift */ = {isa = PBXFileReference; lastKnownFileType = sourcecode.swift; path = ArcPlaceholderView.swift; sourceTree = "<group>"; };
		4D94FC1A29FAD3FB007FC6FB /* ArcReadingView.swift */ = {isa = PBXFileReference; lastKnownFileType = sourcecode.swift; path = ArcReadingView.swift; sourceTree = "<group>"; };
		4D94FC1C29FAD406007FC6FB /* ArcSliderView.swift */ = {isa = PBXFileReference; lastKnownFileType = sourcecode.swift; path = ArcSliderView.swift; sourceTree = "<group>"; };
		4D94FC1E29FADFAC007FC6FB /* SummaryView.swift */ = {isa = PBXFileReference; lastKnownFileType = sourcecode.swift; path = SummaryView.swift; sourceTree = "<group>"; };
		4D94FC2029FAE5EF007FC6FB /* MapView.swift */ = {isa = PBXFileReference; lastKnownFileType = sourcecode.swift; path = MapView.swift; sourceTree = "<group>"; };
		4DB8C1922A1668B9005CDF59 /* WeatherWidgetTimeline.swift */ = {isa = PBXFileReference; lastKnownFileType = sourcecode.swift; path = WeatherWidgetTimeline.swift; sourceTree = "<group>"; };
		4DB8C1952A166ABD005CDF59 /* Bundle_ext.swift */ = {isa = PBXFileReference; lastKnownFileType = sourcecode.swift; path = Bundle_ext.swift; sourceTree = "<group>"; };
/* End PBXFileReference section */

/* Begin PBXFrameworksBuildPhase section */
		481A8A9429D71D260045F376 /* Frameworks */ = {
			isa = PBXFrameworksBuildPhase;
			buildActionMask = 2147483647;
			files = (
			);
			runOnlyForDeploymentPostprocessing = 0;
		};
		4D589BDE2A16098A00154A38 /* Frameworks */ = {
			isa = PBXFrameworksBuildPhase;
			buildActionMask = 2147483647;
			files = (
				4D589BE62A16098A00154A38 /* SwiftUI.framework in Frameworks */,
				4D589BE42A16098A00154A38 /* WidgetKit.framework in Frameworks */,
			);
			runOnlyForDeploymentPostprocessing = 0;
		};
/* End PBXFrameworksBuildPhase section */

/* Begin PBXGroup section */
		481A8A8E29D71D260045F376 = {
			isa = PBXGroup;
			children = (
				4D589BF92A1609ED00154A38 /* WeatherWidgetExtension.entitlements */,
				481A8A9929D71D260045F376 /* WeatherApp */,
				4D589BE72A16098A00154A38 /* WeatherWidget */,
				4D589BE22A16098A00154A38 /* Frameworks */,
				481A8A9829D71D260045F376 /* Products */,
			);
			sourceTree = "<group>";
		};
		481A8A9829D71D260045F376 /* Products */ = {
			isa = PBXGroup;
			children = (
				481A8A9729D71D260045F376 /* WeatherApp.app */,
				4D589BE12A16098A00154A38 /* WeatherWidgetExtension.appex */,
			);
			name = Products;
			sourceTree = "<group>";
		};
		481A8A9929D71D260045F376 /* WeatherApp */ = {
			isa = PBXGroup;
			children = (
				481A8AAE29D71EC20045F376 /* WeatherApp.entitlements */,
				481A8AAD29D71E990045F376 /* Info.plist */,
				481A8AAA29D71D470045F376 /* ViewModel */,
				481A8AA929D71D440045F376 /* View */,
				481A8AA829D71D3C0045F376 /* Model */,
				487634F729D858E700A471D7 /* Resources */,
				4D94FC0E29FAB094007FC6FB /* Extensions */,
				481A8AB129D73F500045F376 /* Constants.swift */,
				481A8A9A29D71D260045F376 /* WeatherAppApp.swift */,
				481A8A9C29D71D260045F376 /* ContentView.swift */,
				481A8A9E29D71D280045F376 /* Assets.xcassets */,
				481A8AA029D71D280045F376 /* Preview Content */,
			);
			path = WeatherApp;
			sourceTree = "<group>";
		};
		481A8AA029D71D280045F376 /* Preview Content */ = {
			isa = PBXGroup;
			children = (
				481A8AA129D71D280045F376 /* Preview Assets.xcassets */,
			);
			path = "Preview Content";
			sourceTree = "<group>";
		};
		481A8AA829D71D3C0045F376 /* Model */ = {
			isa = PBXGroup;
			children = (
				487634F329D857EB00A471D7 /* City.swift */,
				487634FD29D86C3500A471D7 /* DailyTemperature.swift */,
				4876350129D8768600A471D7 /* HourlyTemperature.swift */,
			);
			path = Model;
			sourceTree = "<group>";
		};
		481A8AA929D71D440045F376 /* View */ = {
			isa = PBXGroup;
			children = (
				481A8AAF29D737900045F376 /* HomeView.swift */,
				487634F529D8580E00A471D7 /* CityChoose.swift */,
				487634EF29D84B9B00A471D7 /* HourlyForecastView.swift */,
				4D94FC0929FAA669007FC6FB /* DailyForecastView.swift */,
				4D94FC0629FAA336007FC6FB /* BottomSheet */,
				4D94FC1729FAD3DD007FC6FB /* ArcSun */,
				4D94FC1E29FADFAC007FC6FB /* SummaryView.swift */,
				4D94FC2029FAE5EF007FC6FB /* MapView.swift */,
			);
			path = View;
			sourceTree = "<group>";
		};
		481A8AAA29D71D470045F376 /* ViewModel */ = {
			isa = PBXGroup;
			children = (
				481A8AAB29D71D560045F376 /* LocationManager.swift */,
				487634FB29D85B1800A471D7 /* CityFetcher.swift */,
				487634FF29D86C6800A471D7 /* WeatherFetcher.swift */,
				4D94FC1129FAB0EE007FC6FB /* NavigationManager.swift */,
			);
			path = ViewModel;
			sourceTree = "<group>";
		};
		487634F729D858E700A471D7 /* Resources */ = {
			isa = PBXGroup;
			children = (
				487634F929D859D900A471D7 /* cities.json */,
			);
			path = Resources;
			sourceTree = "<group>";
		};
		4D589BE22A16098A00154A38 /* Frameworks */ = {
			isa = PBXGroup;
			children = (
				4D589BE32A16098A00154A38 /* WidgetKit.framework */,
				4D589BE52A16098A00154A38 /* SwiftUI.framework */,
			);
			name = Frameworks;
			sourceTree = "<group>";
		};
		4D589BE72A16098A00154A38 /* WeatherWidget */ = {
			isa = PBXGroup;
			children = (
				4D589BE82A16098A00154A38 /* WeatherWidgetBundle.swift */,
				4D589BEA2A16098A00154A38 /* WeatherWidget.swift */,
				4DB8C1922A1668B9005CDF59 /* WeatherWidgetTimeline.swift */,
				4D589BFB2A160F5200154A38 /* InfoCardView.swift */,
				4D589BEC2A16098A00154A38 /* WeatherWidget.intentdefinition */,
				4D589BED2A16098C00154A38 /* Assets.xcassets */,
				4D589BEF2A16098C00154A38 /* Info.plist */,
			);
			path = WeatherWidget;
			sourceTree = "<group>";
		};
		4D94FC0629FAA336007FC6FB /* BottomSheet */ = {
			isa = PBXGroup;
			children = (
				4D94FC1529FAC0D7007FC6FB /* SheetShape */,
				487634F129D84C1A00A471D7 /* HomeSheetView.swift */,
				4D94FC1629FAC0F0007FC6FB /* Cells */,
			);
			path = BottomSheet;
			sourceTree = "<group>";
		};
		4D94FC0E29FAB094007FC6FB /* Extensions */ = {
			isa = PBXGroup;
			children = (
				4D94FC0F29FAB0A7007FC6FB /* DynamicStack.swift */,
				4DB8C1952A166ABD005CDF59 /* Bundle_ext.swift */,
			);
			path = Extensions;
			sourceTree = "<group>";
		};
		4D94FC1529FAC0D7007FC6FB /* SheetShape */ = {
			isa = PBXGroup;
			children = (
				481A8AB329D78B7B0045F376 /* SheetShape.swift */,
				4D94FC1329FAB6D9007FC6FB /* SheetShape2.swift */,
			);
			path = SheetShape;
			sourceTree = "<group>";
		};
		4D94FC1629FAC0F0007FC6FB /* Cells */ = {
			isa = PBXGroup;
			children = (
				487634ED29D8488300A471D7 /* SunsetCellView.swift */,
				4D94FC0729FAA3A2007FC6FB /* UVIndexCellView.swift */,
			);
			path = Cells;
			sourceTree = "<group>";
		};
		4D94FC1729FAD3DD007FC6FB /* ArcSun */ = {
			isa = PBXGroup;
			children = (
				4D94FC1C29FAD406007FC6FB /* ArcSliderView.swift */,
				4D94FC1829FAD3F1007FC6FB /* ArcPlaceholderView.swift */,
				4D94FC1A29FAD3FB007FC6FB /* ArcReadingView.swift */,
			);
			path = ArcSun;
			sourceTree = "<group>";
		};
/* End PBXGroup section */

/* Begin PBXNativeTarget section */
		481A8A9629D71D260045F376 /* WeatherApp */ = {
			isa = PBXNativeTarget;
			buildConfigurationList = 481A8AA529D71D280045F376 /* Build configuration list for PBXNativeTarget "WeatherApp" */;
			buildPhases = (
				481A8A9329D71D260045F376 /* Sources */,
				481A8A9429D71D260045F376 /* Frameworks */,
				481A8A9529D71D260045F376 /* Resources */,
				4D589BF52A16098C00154A38 /* Embed Foundation Extensions */,
			);
			buildRules = (
			);
			dependencies = (
				4D589BF32A16098C00154A38 /* PBXTargetDependency */,
			);
			name = WeatherApp;
			productName = WeatherApp;
			productReference = 481A8A9729D71D260045F376 /* WeatherApp.app */;
			productType = "com.apple.product-type.application";
		};
		4D589BE02A16098A00154A38 /* WeatherWidgetExtension */ = {
			isa = PBXNativeTarget;
			buildConfigurationList = 4D589BF82A16098C00154A38 /* Build configuration list for PBXNativeTarget "WeatherWidgetExtension" */;
			buildPhases = (
				4D589BDD2A16098A00154A38 /* Sources */,
				4D589BDE2A16098A00154A38 /* Frameworks */,
				4D589BDF2A16098A00154A38 /* Resources */,
			);
			buildRules = (
			);
			dependencies = (
			);
			name = WeatherWidgetExtension;
			productName = WeatherWidgetExtension;
			productReference = 4D589BE12A16098A00154A38 /* WeatherWidgetExtension.appex */;
			productType = "com.apple.product-type.app-extension";
		};
/* End PBXNativeTarget section */

/* Begin PBXProject section */
		481A8A8F29D71D260045F376 /* Project object */ = {
			isa = PBXProject;
			attributes = {
				BuildIndependentTargetsInParallel = 1;
				LastSwiftUpdateCheck = 1430;
				LastUpgradeCheck = 1420;
				TargetAttributes = {
					481A8A9629D71D260045F376 = {
						CreatedOnToolsVersion = 14.2;
					};
					4D589BE02A16098A00154A38 = {
						CreatedOnToolsVersion = 14.3;
					};
				};
			};
			buildConfigurationList = 481A8A9229D71D260045F376 /* Build configuration list for PBXProject "WeatherApp" */;
			compatibilityVersion = "Xcode 14.0";
			developmentRegion = en;
			hasScannedForEncodings = 0;
			knownRegions = (
				en,
				Base,
			);
			mainGroup = 481A8A8E29D71D260045F376;
			productRefGroup = 481A8A9829D71D260045F376 /* Products */;
			projectDirPath = "";
			projectRoot = "";
			targets = (
				481A8A9629D71D260045F376 /* WeatherApp */,
				4D589BE02A16098A00154A38 /* WeatherWidgetExtension */,
			);
		};
/* End PBXProject section */

/* Begin PBXResourcesBuildPhase section */
		481A8A9529D71D260045F376 /* Resources */ = {
			isa = PBXResourcesBuildPhase;
			buildActionMask = 2147483647;
			files = (
				487634FA29D859D900A471D7 /* cities.json in Resources */,
				481A8AA229D71D280045F376 /* Preview Assets.xcassets in Resources */,
				481A8A9F29D71D280045F376 /* Assets.xcassets in Resources */,
			);
			runOnlyForDeploymentPostprocessing = 0;
		};
		4D589BDF2A16098A00154A38 /* Resources */ = {
			isa = PBXResourcesBuildPhase;
			buildActionMask = 2147483647;
			files = (
				4D5965F12A17C25C000AAE4D /* Assets.xcassets in Resources */,
				4D589BEE2A16098C00154A38 /* Assets.xcassets in Resources */,
			);
			runOnlyForDeploymentPostprocessing = 0;
		};
/* End PBXResourcesBuildPhase section */

/* Begin PBXSourcesBuildPhase section */
		481A8A9329D71D260045F376 /* Sources */ = {
			isa = PBXSourcesBuildPhase;
			buildActionMask = 2147483647;
			files = (
				4876350029D86C6800A471D7 /* WeatherFetcher.swift in Sources */,
				4D94FC1929FAD3F1007FC6FB /* ArcPlaceholderView.swift in Sources */,
				487634F029D84B9B00A471D7 /* HourlyForecastView.swift in Sources */,
				4D94FC1429FAB6D9007FC6FB /* SheetShape2.swift in Sources */,
				4D94FC1029FAB0A7007FC6FB /* DynamicStack.swift in Sources */,
				4D94FC1F29FADFAC007FC6FB /* SummaryView.swift in Sources */,
				487634EE29D8488300A471D7 /* SunsetCellView.swift in Sources */,
				4D589BF12A16098C00154A38 /* WeatherWidget.intentdefinition in Sources */,
				4876350229D8768600A471D7 /* HourlyTemperature.swift in Sources */,
				487634F229D84C1A00A471D7 /* HomeSheetView.swift in Sources */,
				487634FC29D85B1800A471D7 /* CityFetcher.swift in Sources */,
				481A8AB229D73F500045F376 /* Constants.swift in Sources */,
				4D94FC1B29FAD3FB007FC6FB /* ArcReadingView.swift in Sources */,
				4D94FC2129FAE5EF007FC6FB /* MapView.swift in Sources */,
				4DB8C1962A166ABD005CDF59 /* Bundle_ext.swift in Sources */,
				481A8A9D29D71D260045F376 /* ContentView.swift in Sources */,
				481A8AB029D737900045F376 /* HomeView.swift in Sources */,
				4D94FC1229FAB0EE007FC6FB /* NavigationManager.swift in Sources */,
				487634F429D857EB00A471D7 /* City.swift in Sources */,
				4D94FC1D29FAD406007FC6FB /* ArcSliderView.swift in Sources */,
				487634F629D8580E00A471D7 /* CityChoose.swift in Sources */,
				481A8AB429D78B7B0045F376 /* SheetShape.swift in Sources */,
				4D94FC0A29FAA669007FC6FB /* DailyForecastView.swift in Sources */,
				487634FE29D86C3500A471D7 /* DailyTemperature.swift in Sources */,
				4D94FC0829FAA3A2007FC6FB /* UVIndexCellView.swift in Sources */,
				481A8A9B29D71D260045F376 /* WeatherAppApp.swift in Sources */,
				481A8AAC29D71D560045F376 /* LocationManager.swift in Sources */,
				4DB8C1982A167A4A005CDF59 /* WeatherWidgetTimeline.swift in Sources */,
			);
			runOnlyForDeploymentPostprocessing = 0;
		};
		4D589BDD2A16098A00154A38 /* Sources */ = {
			isa = PBXSourcesBuildPhase;
			buildActionMask = 2147483647;
			files = (
				4D589C002A1620EB00154A38 /* WeatherFetcher.swift in Sources */,
				4D589BFE2A161FD900154A38 /* DailyTemperature.swift in Sources */,
				4DB8C1942A1668EB005CDF59 /* WeatherWidgetTimeline.swift in Sources */,
				4D589C012A16227F00154A38 /* City.swift in Sources */,
				4D589C022A1622C500154A38 /* HourlyTemperature.swift in Sources */,
				4D589BEB2A16098A00154A38 /* WeatherWidget.swift in Sources */,
				4D589BE92A16098A00154A38 /* WeatherWidgetBundle.swift in Sources */,
				4D589BFF2A1620E300154A38 /* LocationManager.swift in Sources */,
				4D589BF02A16098C00154A38 /* WeatherWidget.intentdefinition in Sources */,
				4D589BFD2A160FAC00154A38 /* InfoCardView.swift in Sources */,
				4D589BFA2A160AF700154A38 /* Constants.swift in Sources */,
			);
			runOnlyForDeploymentPostprocessing = 0;
		};
/* End PBXSourcesBuildPhase section */

/* Begin PBXTargetDependency section */
		4D589BF32A16098C00154A38 /* PBXTargetDependency */ = {
			isa = PBXTargetDependency;
			target = 4D589BE02A16098A00154A38 /* WeatherWidgetExtension */;
			targetProxy = 4D589BF22A16098C00154A38 /* PBXContainerItemProxy */;
		};
/* End PBXTargetDependency section */

/* Begin XCBuildConfiguration section */
		481A8AA329D71D280045F376 /* Debug */ = {
			isa = XCBuildConfiguration;
			buildSettings = {
				ALWAYS_SEARCH_USER_PATHS = NO;
				CLANG_ANALYZER_NONNULL = YES;
				CLANG_ANALYZER_NUMBER_OBJECT_CONVERSION = YES_AGGRESSIVE;
				CLANG_CXX_LANGUAGE_STANDARD = "gnu++20";
				CLANG_ENABLE_MODULES = YES;
				CLANG_ENABLE_OBJC_ARC = YES;
				CLANG_ENABLE_OBJC_WEAK = YES;
				CLANG_WARN_BLOCK_CAPTURE_AUTORELEASING = YES;
				CLANG_WARN_BOOL_CONVERSION = YES;
				CLANG_WARN_COMMA = YES;
				CLANG_WARN_CONSTANT_CONVERSION = YES;
				CLANG_WARN_DEPRECATED_OBJC_IMPLEMENTATIONS = YES;
				CLANG_WARN_DIRECT_OBJC_ISA_USAGE = YES_ERROR;
				CLANG_WARN_DOCUMENTATION_COMMENTS = YES;
				CLANG_WARN_EMPTY_BODY = YES;
				CLANG_WARN_ENUM_CONVERSION = YES;
				CLANG_WARN_INFINITE_RECURSION = YES;
				CLANG_WARN_INT_CONVERSION = YES;
				CLANG_WARN_NON_LITERAL_NULL_CONVERSION = YES;
				CLANG_WARN_OBJC_IMPLICIT_RETAIN_SELF = YES;
				CLANG_WARN_OBJC_LITERAL_CONVERSION = YES;
				CLANG_WARN_OBJC_ROOT_CLASS = YES_ERROR;
				CLANG_WARN_QUOTED_INCLUDE_IN_FRAMEWORK_HEADER = YES;
				CLANG_WARN_RANGE_LOOP_ANALYSIS = YES;
				CLANG_WARN_STRICT_PROTOTYPES = YES;
				CLANG_WARN_SUSPICIOUS_MOVE = YES;
				CLANG_WARN_UNGUARDED_AVAILABILITY = YES_AGGRESSIVE;
				CLANG_WARN_UNREACHABLE_CODE = YES;
				CLANG_WARN__DUPLICATE_METHOD_MATCH = YES;
				COPY_PHASE_STRIP = NO;
				DEBUG_INFORMATION_FORMAT = dwarf;
				ENABLE_STRICT_OBJC_MSGSEND = YES;
				ENABLE_TESTABILITY = YES;
				GCC_C_LANGUAGE_STANDARD = gnu11;
				GCC_DYNAMIC_NO_PIC = NO;
				GCC_NO_COMMON_BLOCKS = YES;
				GCC_OPTIMIZATION_LEVEL = 0;
				GCC_PREPROCESSOR_DEFINITIONS = (
					"DEBUG=1",
					"$(inherited)",
				);
				GCC_WARN_64_TO_32_BIT_CONVERSION = YES;
				GCC_WARN_ABOUT_RETURN_TYPE = YES_ERROR;
				GCC_WARN_UNDECLARED_SELECTOR = YES;
				GCC_WARN_UNINITIALIZED_AUTOS = YES_AGGRESSIVE;
				GCC_WARN_UNUSED_FUNCTION = YES;
				GCC_WARN_UNUSED_VARIABLE = YES;
				IPHONEOS_DEPLOYMENT_TARGET = 16.2;
				MTL_ENABLE_DEBUG_INFO = INCLUDE_SOURCE;
				MTL_FAST_MATH = YES;
				ONLY_ACTIVE_ARCH = YES;
				SDKROOT = iphoneos;
				SWIFT_ACTIVE_COMPILATION_CONDITIONS = DEBUG;
				SWIFT_OPTIMIZATION_LEVEL = "-Onone";
			};
			name = Debug;
		};
		481A8AA429D71D280045F376 /* Release */ = {
			isa = XCBuildConfiguration;
			buildSettings = {
				ALWAYS_SEARCH_USER_PATHS = NO;
				CLANG_ANALYZER_NONNULL = YES;
				CLANG_ANALYZER_NUMBER_OBJECT_CONVERSION = YES_AGGRESSIVE;
				CLANG_CXX_LANGUAGE_STANDARD = "gnu++20";
				CLANG_ENABLE_MODULES = YES;
				CLANG_ENABLE_OBJC_ARC = YES;
				CLANG_ENABLE_OBJC_WEAK = YES;
				CLANG_WARN_BLOCK_CAPTURE_AUTORELEASING = YES;
				CLANG_WARN_BOOL_CONVERSION = YES;
				CLANG_WARN_COMMA = YES;
				CLANG_WARN_CONSTANT_CONVERSION = YES;
				CLANG_WARN_DEPRECATED_OBJC_IMPLEMENTATIONS = YES;
				CLANG_WARN_DIRECT_OBJC_ISA_USAGE = YES_ERROR;
				CLANG_WARN_DOCUMENTATION_COMMENTS = YES;
				CLANG_WARN_EMPTY_BODY = YES;
				CLANG_WARN_ENUM_CONVERSION = YES;
				CLANG_WARN_INFINITE_RECURSION = YES;
				CLANG_WARN_INT_CONVERSION = YES;
				CLANG_WARN_NON_LITERAL_NULL_CONVERSION = YES;
				CLANG_WARN_OBJC_IMPLICIT_RETAIN_SELF = YES;
				CLANG_WARN_OBJC_LITERAL_CONVERSION = YES;
				CLANG_WARN_OBJC_ROOT_CLASS = YES_ERROR;
				CLANG_WARN_QUOTED_INCLUDE_IN_FRAMEWORK_HEADER = YES;
				CLANG_WARN_RANGE_LOOP_ANALYSIS = YES;
				CLANG_WARN_STRICT_PROTOTYPES = YES;
				CLANG_WARN_SUSPICIOUS_MOVE = YES;
				CLANG_WARN_UNGUARDED_AVAILABILITY = YES_AGGRESSIVE;
				CLANG_WARN_UNREACHABLE_CODE = YES;
				CLANG_WARN__DUPLICATE_METHOD_MATCH = YES;
				COPY_PHASE_STRIP = NO;
				DEBUG_INFORMATION_FORMAT = "dwarf-with-dsym";
				ENABLE_NS_ASSERTIONS = NO;
				ENABLE_STRICT_OBJC_MSGSEND = YES;
				GCC_C_LANGUAGE_STANDARD = gnu11;
				GCC_NO_COMMON_BLOCKS = YES;
				GCC_WARN_64_TO_32_BIT_CONVERSION = YES;
				GCC_WARN_ABOUT_RETURN_TYPE = YES_ERROR;
				GCC_WARN_UNDECLARED_SELECTOR = YES;
				GCC_WARN_UNINITIALIZED_AUTOS = YES_AGGRESSIVE;
				GCC_WARN_UNUSED_FUNCTION = YES;
				GCC_WARN_UNUSED_VARIABLE = YES;
				IPHONEOS_DEPLOYMENT_TARGET = 16.2;
				MTL_ENABLE_DEBUG_INFO = NO;
				MTL_FAST_MATH = YES;
				SDKROOT = iphoneos;
				SWIFT_COMPILATION_MODE = wholemodule;
				SWIFT_OPTIMIZATION_LEVEL = "-O";
				VALIDATE_PRODUCT = YES;
			};
			name = Release;
		};
		481A8AA629D71D280045F376 /* Debug */ = {
			isa = XCBuildConfiguration;
			buildSettings = {
				ALWAYS_EMBED_SWIFT_STANDARD_LIBRARIES = YES;
				ASSETCATALOG_COMPILER_APPICON_NAME = AppIcon;
				ASSETCATALOG_COMPILER_GLOBAL_ACCENT_COLOR_NAME = AccentColor;
				CODE_SIGN_ENTITLEMENTS = WeatherApp/WeatherApp.entitlements;
				CODE_SIGN_STYLE = Automatic;
				CURRENT_PROJECT_VERSION = 1;
				DEVELOPMENT_ASSET_PATHS = "\"WeatherApp/Preview Content\"";
				DEVELOPMENT_TEAM = T63352392P;
				ENABLE_PREVIEWS = YES;
				GENERATE_INFOPLIST_FILE = YES;
				INFOPLIST_FILE = WeatherApp/Info.plist;
				INFOPLIST_KEY_CFBundleDisplayName = SunnyClouds;
				INFOPLIST_KEY_NSLocationAlwaysAndWhenInUseUsageDescription = "Weather App requires you location";
				INFOPLIST_KEY_NSLocationWhenInUseUsageDescription = "Weather App requires your location";
				INFOPLIST_KEY_UIApplicationSceneManifest_Generation = YES;
				INFOPLIST_KEY_UIApplicationSupportsIndirectInputEvents = YES;
				INFOPLIST_KEY_UILaunchScreen_Generation = YES;
				INFOPLIST_KEY_UISupportedInterfaceOrientations_iPad = "UIInterfaceOrientationPortrait UIInterfaceOrientationPortraitUpsideDown UIInterfaceOrientationLandscapeLeft UIInterfaceOrientationLandscapeRight";
				INFOPLIST_KEY_UISupportedInterfaceOrientations_iPhone = "UIInterfaceOrientationPortrait UIInterfaceOrientationLandscapeLeft UIInterfaceOrientationLandscapeRight";
				IPHONEOS_DEPLOYMENT_TARGET = 16.3;
				LD_RUNPATH_SEARCH_PATHS = (
					"$(inherited)",
					"@executable_path/Frameworks",
				);
				MARKETING_VERSION = 1.0;
				PRODUCT_BUNDLE_IDENTIFIER = sillyTrouble.WeatherApp;
				PRODUCT_NAME = "$(TARGET_NAME)";
				SWIFT_EMIT_LOC_STRINGS = YES;
				SWIFT_VERSION = 5.0;
				TARGETED_DEVICE_FAMILY = "1,2";
			};
			name = Debug;
		};
		481A8AA729D71D280045F376 /* Release */ = {
			isa = XCBuildConfiguration;
			buildSettings = {
				ALWAYS_EMBED_SWIFT_STANDARD_LIBRARIES = YES;
				ASSETCATALOG_COMPILER_APPICON_NAME = AppIcon;
				ASSETCATALOG_COMPILER_GLOBAL_ACCENT_COLOR_NAME = AccentColor;
				CODE_SIGN_ENTITLEMENTS = WeatherApp/WeatherApp.entitlements;
				CODE_SIGN_STYLE = Automatic;
				CURRENT_PROJECT_VERSION = 1;
				DEVELOPMENT_ASSET_PATHS = "\"WeatherApp/Preview Content\"";
				DEVELOPMENT_TEAM = T63352392P;
				ENABLE_PREVIEWS = YES;
				GENERATE_INFOPLIST_FILE = YES;
				INFOPLIST_FILE = WeatherApp/Info.plist;
				INFOPLIST_KEY_CFBundleDisplayName = SunnyClouds;
				INFOPLIST_KEY_NSLocationAlwaysAndWhenInUseUsageDescription = "Weather App requires you location";
				INFOPLIST_KEY_NSLocationWhenInUseUsageDescription = "Weather App requires your location";
				INFOPLIST_KEY_UIApplicationSceneManifest_Generation = YES;
				INFOPLIST_KEY_UIApplicationSupportsIndirectInputEvents = YES;
				INFOPLIST_KEY_UILaunchScreen_Generation = YES;
				INFOPLIST_KEY_UISupportedInterfaceOrientations_iPad = "UIInterfaceOrientationPortrait UIInterfaceOrientationPortraitUpsideDown UIInterfaceOrientationLandscapeLeft UIInterfaceOrientationLandscapeRight";
				INFOPLIST_KEY_UISupportedInterfaceOrientations_iPhone = "UIInterfaceOrientationPortrait UIInterfaceOrientationLandscapeLeft UIInterfaceOrientationLandscapeRight";
				IPHONEOS_DEPLOYMENT_TARGET = 16.3;
				LD_RUNPATH_SEARCH_PATHS = (
					"$(inherited)",
					"@executable_path/Frameworks",
				);
				MARKETING_VERSION = 1.0;
				PRODUCT_BUNDLE_IDENTIFIER = sillyTrouble.WeatherApp;
				PRODUCT_NAME = "$(TARGET_NAME)";
				SWIFT_EMIT_LOC_STRINGS = YES;
				SWIFT_VERSION = 5.0;
				TARGETED_DEVICE_FAMILY = "1,2";
			};
			name = Release;
		};
		4D589BF62A16098C00154A38 /* Debug */ = {
			isa = XCBuildConfiguration;
			buildSettings = {
				ASSETCATALOG_COMPILER_GLOBAL_ACCENT_COLOR_NAME = AccentColor;
				ASSETCATALOG_COMPILER_WIDGET_BACKGROUND_COLOR_NAME = WidgetBackground;
				CODE_SIGN_ENTITLEMENTS = WeatherWidgetExtension.entitlements;
				CODE_SIGN_STYLE = Automatic;
				CURRENT_PROJECT_VERSION = 1;
				DEVELOPMENT_TEAM = T63352392P;
				GENERATE_INFOPLIST_FILE = YES;
				INFOPLIST_FILE = WeatherWidget/Info.plist;
				INFOPLIST_KEY_CFBundleDisplayName = WeatherWidget;
				INFOPLIST_KEY_NSHumanReadableCopyright = "";
				INFOPLIST_KEY_NSLocationAlwaysAndWhenInUseUsageDescription = "Widget needs location to update weather";
				INFOPLIST_KEY_NSLocationUsageDescription = "Widget needs location to update weather";
				INFOPLIST_KEY_NSLocationWhenInUseUsageDescription = "Widget needs location to update weather";
				IPHONEOS_DEPLOYMENT_TARGET = 16.4;
				LD_RUNPATH_SEARCH_PATHS = (
					"$(inherited)",
					"@executable_path/Frameworks",
					"@executable_path/../../Frameworks",
				);
				MARKETING_VERSION = 1.0;
				PRODUCT_BUNDLE_IDENTIFIER = sillyTrouble.WeatherApp.WeatherWidget;
				PRODUCT_NAME = "$(TARGET_NAME)";
				SKIP_INSTALL = YES;
				SWIFT_EMIT_LOC_STRINGS = YES;
				SWIFT_VERSION = 5.0;
				TARGETED_DEVICE_FAMILY = "1,2";
			};
			name = Debug;
		};
		4D589BF72A16098C00154A38 /* Release */ = {
			isa = XCBuildConfiguration;
			buildSettings = {
				ASSETCATALOG_COMPILER_GLOBAL_ACCENT_COLOR_NAME = AccentColor;
				ASSETCATALOG_COMPILER_WIDGET_BACKGROUND_COLOR_NAME = WidgetBackground;
				CODE_SIGN_ENTITLEMENTS = WeatherWidgetExtension.entitlements;
				CODE_SIGN_STYLE = Automatic;
				CURRENT_PROJECT_VERSION = 1;
				DEVELOPMENT_TEAM = T63352392P;
				GENERATE_INFOPLIST_FILE = YES;
				INFOPLIST_FILE = WeatherWidget/Info.plist;
				INFOPLIST_KEY_CFBundleDisplayName = WeatherWidget;
				INFOPLIST_KEY_NSHumanReadableCopyright = "";
				INFOPLIST_KEY_NSLocationAlwaysAndWhenInUseUsageDescription = "Widget needs location to update weather";
				INFOPLIST_KEY_NSLocationUsageDescription = "Widget needs location to update weather";
				INFOPLIST_KEY_NSLocationWhenInUseUsageDescription = "Widget needs location to update weather";
				IPHONEOS_DEPLOYMENT_TARGET = 16.4;
				LD_RUNPATH_SEARCH_PATHS = (
					"$(inherited)",
					"@executable_path/Frameworks",
					"@executable_path/../../Frameworks",
				);
				MARKETING_VERSION = 1.0;
				PRODUCT_BUNDLE_IDENTIFIER = sillyTrouble.WeatherApp.WeatherWidget;
				PRODUCT_NAME = "$(TARGET_NAME)";
				SKIP_INSTALL = YES;
				SWIFT_EMIT_LOC_STRINGS = YES;
				SWIFT_VERSION = 5.0;
				TARGETED_DEVICE_FAMILY = "1,2";
			};
			name = Release;
		};
/* End XCBuildConfiguration section */

/* Begin XCConfigurationList section */
		481A8A9229D71D260045F376 /* Build configuration list for PBXProject "WeatherApp" */ = {
			isa = XCConfigurationList;
			buildConfigurations = (
				481A8AA329D71D280045F376 /* Debug */,
				481A8AA429D71D280045F376 /* Release */,
			);
			defaultConfigurationIsVisible = 0;
			defaultConfigurationName = Release;
		};
		481A8AA529D71D280045F376 /* Build configuration list for PBXNativeTarget "WeatherApp" */ = {
			isa = XCConfigurationList;
			buildConfigurations = (
				481A8AA629D71D280045F376 /* Debug */,
				481A8AA729D71D280045F376 /* Release */,
			);
			defaultConfigurationIsVisible = 0;
			defaultConfigurationName = Release;
		};
		4D589BF82A16098C00154A38 /* Build configuration list for PBXNativeTarget "WeatherWidgetExtension" */ = {
			isa = XCConfigurationList;
			buildConfigurations = (
				4D589BF62A16098C00154A38 /* Debug */,
				4D589BF72A16098C00154A38 /* Release */,
			);
			defaultConfigurationIsVisible = 0;
			defaultConfigurationName = Release;
		};
/* End XCConfigurationList section */
	};
	rootObject = 481A8A8F29D71D260045F376 /* Project object */;
}
